
Microsoft Visual Studio Solution File, Format Version 12.00
# Visual Studio Version 17
VisualStudioVersion = 17.0.31903.59
MinimumVisualStudioVersion = 10.0.40219.1
Project("{2150E333-8FDC-42A3-9474-1A3956D46DE8}") = "src", "src", "{827E0CD3-B72D-47B6-A68D-7590B98EB39B}"
EndProject
Project("{FAE04EC0-301F-11D3-BF4B-00C04F79EFBC}") = "WeatherForecast.Domain", "src\WeatherForecast.Domain\WeatherForecast.Domain.csproj", "{CEB6BC97-A342-4A97-BF9C-29941851BDFE}"
EndProject
Project("{FAE04EC0-301F-11D3-BF4B-00C04F79EFBC}") = "WeatherForecast.Application", "src\WeatherForecast.Application\WeatherForecast.Application.csproj", "{D865EC95-5EF1-4C48-B097-46CD9335CE51}"
EndProject
Project("{FAE04EC0-301F-11D3-BF4B-00C04F79EFBC}") = "WeatherForecast.Infrastructure", "src\WeatherForecast.Infrastructure\WeatherForecast.Infrastructure.csproj", "{38D4F9A3-519C-4886-93D9-F585618BA5F3}"
EndProject
Project("{FAE04EC0-301F-11D3-BF4B-00C04F79EFBC}") = "WeatherForecast.Web", "src\WeatherForecast.Web\WeatherForecast.Web.csproj", "{FB1ED5F6-492F-42A1-AA2F-5F5C7F40B400}"
EndProject
Global
	GlobalSection(SolutionConfigurationPlatforms) = preSolution
		Debug|Any CPU = Debug|Any CPU
		Debug|x64 = Debug|x64
		Debug|x86 = Debug|x86
		Release|Any CPU = Release|Any CPU
		Release|x64 = Release|x64
		Release|x86 = Release|x86
	EndGlobalSection
	GlobalSection(ProjectConfigurationPlatforms) = postSolution
		{CEB6BC97-A342-4A97-BF9C-29941851BDFE}.Debug|Any CPU.ActiveCfg = Debug|Any CPU
		{CEB6BC97-A342-4A97-BF9C-29941851BDFE}.Debug|Any CPU.Build.0 = Debug|Any CPU
		{CEB6BC97-A342-4A97-BF9C-29941851BDFE}.Debug|x64.ActiveCfg = Debug|Any CPU
		{CEB6BC97-A342-4A97-BF9C-29941851BDFE}.Debug|x64.Build.0 = Debug|Any CPU
		{CEB6BC97-A342-4A97-BF9C-29941851BDFE}.Debug|x86.ActiveCfg = Debug|Any CPU
		{CEB6BC97-A342-4A97-BF9C-29941851BDFE}.Debug|x86.Build.0 = Debug|Any CPU
		{CEB6BC97-A342-4A97-BF9C-29941851BDFE}.Release|Any CPU.ActiveCfg = Release|Any CPU
		{CEB6BC97-A342-4A97-BF9C-29941851BDFE}.Release|Any CPU.Build.0 = Release|Any CPU
		{CEB6BC97-A342-4A97-BF9C-29941851BDFE}.Release|x64.ActiveCfg = Release|Any CPU
		{CEB6BC97-A342-4A97-BF9C-29941851BDFE}.Release|x64.Build.0 = Release|Any CPU
		{CEB6BC97-A342-4A97-BF9C-29941851BDFE}.Release|x86.ActiveCfg = Release|Any CPU
		{CEB6BC97-A342-4A97-BF9C-29941851BDFE}.Release|x86.Build.0 = Release|Any CPU
		{D865EC95-5EF1-4C48-B097-46CD9335CE51}.Debug|Any CPU.ActiveCfg = Debug|Any CPU
		{D865EC95-5EF1-4C48-B097-46CD9335CE51}.Debug|Any CPU.Build.0 = Debug|Any CPU
		{D865EC95-5EF1-4C48-B097-46CD9335CE51}.Debug|x64.ActiveCfg = Debug|Any CPU
		{D865EC95-5EF1-4C48-B097-46CD9335CE51}.Debug|x64.Build.0 = Debug|Any CPU
		{D865EC95-5EF1-4C48-B097-46CD9335CE51}.Debug|x86.ActiveCfg = Debug|Any CPU
		{D865EC95-5EF1-4C48-B097-46CD9335CE51}.Debug|x86.Build.0 = Debug|Any CPU
		{D865EC95-5EF1-4C48-B097-46CD9335CE51}.Release|Any CPU.ActiveCfg = Release|Any CPU
		{D865EC95-5EF1-4C48-B097-46CD9335CE51}.Release|Any CPU.Build.0 = Release|Any CPU
		{D865EC95-5EF1-4C48-B097-46CD9335CE51}.Release|x64.ActiveCfg = Release|Any CPU
		{D865EC95-5EF1-4C48-B097-46CD9335CE51}.Release|x64.Build.0 = Release|Any CPU
		{D865EC95-5EF1-4C48-B097-46CD9335CE51}.Release|x86.ActiveCfg = Release|Any CPU
		{D865EC95-5EF1-4C48-B097-46CD9335CE51}.Release|x86.Build.0 = Release|Any CPU
		{38D4F9A3-519C-4886-93D9-F585618BA5F3}.Debug|Any CPU.ActiveCfg = Debug|Any CPU
		{38D4F9A3-519C-4886-93D9-F585618BA5F3}.Debug|Any CPU.Build.0 = Debug|Any CPU
		{38D4F9A3-519C-4886-93D9-F585618BA5F3}.Debug|x64.ActiveCfg = Debug|Any CPU
		{38D4F9A3-519C-4886-93D9-F585618BA5F3}.Debug|x64.Build.0 = Debug|Any CPU
		{38D4F9A3-519C-4886-93D9-F585618BA5F3}.Debug|x86.ActiveCfg = Debug|Any CPU
		{38D4F9A3-519C-4886-93D9-F585618BA5F3}.Debug|x86.Build.0 = Debug|Any CPU
		{38D4F9A3-519C-4886-93D9-F585618BA5F3}.Release|Any CPU.ActiveCfg = Release|Any CPU
		{38D4F9A3-519C-4886-93D9-F585618BA5F3}.Release|Any CPU.Build.0 = Release|Any CPU
		{38D4F9A3-519C-4886-93D9-F585618BA5F3}.Release|x64.ActiveCfg = Release|Any CPU
		{38D4F9A3-519C-4886-93D9-F585618BA5F3}.Release|x64.Build.0 = Release|Any CPU
		{38D4F9A3-519C-4886-93D9-F585618BA5F3}.Release|x86.ActiveCfg = Release|Any CPU
		{38D4F9A3-519C-4886-93D9-F585618BA5F3}.Release|x86.Build.0 = Release|Any CPU
		{FB1ED5F6-492F-42A1-AA2F-5F5C7F40B400}.Debug|Any CPU.ActiveCfg = Debug|Any CPU
		{FB1ED5F6-492F-42A1-AA2F-5F5C7F40B400}.Debug|Any CPU.Build.0 = Debug|Any CPU
		{FB1ED5F6-492F-42A1-AA2F-5F5C7F40B400}.Debug|x64.ActiveCfg = Debug|Any CPU
		{FB1ED5F6-492F-42A1-AA2F-5F5C7F40B400}.Debug|x64.Build.0 = Debug|Any CPU
		{FB1ED5F6-492F-42A1-AA2F-5F5C7F40B400}.Debug|x86.ActiveCfg = Debug|Any CPU
		{FB1ED5F6-492F-42A1-AA2F-5F5C7F40B400}.Debug|x86.Build.0 = Debug|Any CPU
		{FB1ED5F6-492F-42A1-AA2F-5F5C7F40B400}.Release|Any CPU.ActiveCfg = Release|Any CPU
		{FB1ED5F6-492F-42A1-AA2F-5F5C7F40B400}.Release|Any CPU.Build.0 = Release|Any CPU
		{FB1ED5F6-492F-42A1-AA2F-5F5C7F40B400}.Release|x64.ActiveCfg = Release|Any CPU
		{FB1ED5F6-492F-42A1-AA2F-5F5C7F40B400}.Release|x64.Build.0 = Release|Any CPU
		{FB1ED5F6-492F-42A1-AA2F-5F5C7F40B400}.Release|x86.ActiveCfg = Release|Any CPU
		{FB1ED5F6-492F-42A1-AA2F-5F5C7F40B400}.Release|x86.Build.0 = Release|Any CPU
	EndGlobalSection
	GlobalSection(SolutionProperties) = preSolution
		HideSolutionNode = FALSE
	EndGlobalSection
	GlobalSection(NestedProjects) = preSolution
		{CEB6BC97-A342-4A97-BF9C-29941851BDFE} = {827E0CD3-B72D-47B6-A68D-7590B98EB39B}
		{D865EC95-5EF1-4C48-B097-46CD9335CE51} = {827E0CD3-B72D-47B6-A68D-7590B98EB39B}
		{38D4F9A3-519C-4886-93D9-F585618BA5F3} = {827E0CD3-B72D-47B6-A68D-7590B98EB39B}
		{FB1ED5F6-492F-42A1-AA2F-5F5C7F40B400} = {827E0CD3-B72D-47B6-A68D-7590B98EB39B}
	EndGlobalSection
EndGlobal
